// !$*UTF8*$!
{
	archiveVersion = 1;
	classes = {
	};
	objectVersion = 50;
	objects = {

/* Begin PBXBuildFile section */
		652FBCC526C65BA500CF7AF7 /* AppDelegate.swift in Sources */ = {isa = PBXBuildFile; fileRef = 652FBCC426C65BA500CF7AF7 /* AppDelegate.swift */; };
		652FBCC726C65BA500CF7AF7 /* SceneDelegate.swift in Sources */ = {isa = PBXBuildFile; fileRef = 652FBCC626C65BA500CF7AF7 /* SceneDelegate.swift */; };
		652FBCC926C65BA500CF7AF7 /* ContentView.swift in Sources */ = {isa = PBXBuildFile; fileRef = 652FBCC826C65BA500CF7AF7 /* ContentView.swift */; };
		652FBCCC26C65BA500CF7AF7 /* ResizingHeaderWhileScrolling.xcdatamodeld in Sources */ = {isa = PBXBuildFile; fileRef = 652FBCCA26C65BA500CF7AF7 /* ResizingHeaderWhileScrolling.xcdatamodeld */; };
		652FBCCE26C65BA600CF7AF7 /* Assets.xcassets in Resources */ = {isa = PBXBuildFile; fileRef = 652FBCCD26C65BA600CF7AF7 /* Assets.xcassets */; };
		652FBCD126C65BA600CF7AF7 /* Preview Assets.xcassets in Resources */ = {isa = PBXBuildFile; fileRef = 652FBCD026C65BA600CF7AF7 /* Preview Assets.xcassets */; };
		652FBCD426C65BA600CF7AF7 /* LaunchScreen.storyboard in Resources */ = {isa = PBXBuildFile; fileRef = 652FBCD226C65BA600CF7AF7 /* LaunchScreen.storyboard */; };
/* End PBXBuildFile section */

/* Begin PBXFileReference section */
		652FBCC126C65BA500CF7AF7 /* ResizingHeaderWhileScrolling.app */ = {isa = PBXFileReference; explicitFileType = wrapper.application; includeInIndex = 0; path = ResizingHeaderWhileScrolling.app; sourceTree = BUILT_PRODUCTS_DIR; };
		652FBCC426C65BA500CF7AF7 /* AppDelegate.swift */ = {isa = PBXFileReference; lastKnownFileType = sourcecode.swift; path = AppDelegate.swift; sourceTree = "<group>"; };
		652FBCC626C65BA500CF7AF7 /* SceneDelegate.swift */ = {isa = PBXFileReference; lastKnownFileType = sourcecode.swift; path = SceneDelegate.swift; sourceTree = "<group>"; };
		652FBCC826C65BA500CF7AF7 /* ContentView.swift */ = {isa = PBXFileReference; lastKnownFileType = sourcecode.swift; path = ContentView.swift; sourceTree = "<group>"; };
		652FBCCB26C65BA500CF7AF7 /* ResizingHeaderWhileScrolling.xcdatamodel */ = {isa = PBXFileReference; lastKnownFileType = wrapper.xcdatamodel; path = ResizingHeaderWhileScrolling.xcdatamodel; sourceTree = "<group>"; };
		652FBCCD26C65BA600CF7AF7 /* Assets.xcassets */ = {isa = PBXFileReference; lastKnownFileType = folder.assetcatalog; path = Assets.xcassets; sourceTree = "<group>"; };
		652FBCD026C65BA600CF7AF7 /* Preview Assets.xcassets */ = {isa = PBXFileReference; lastKnownFileType = folder.assetcatalog; path = "Preview Assets.xcassets"; sourceTree = "<group>"; };
		652FBCD326C65BA600CF7AF7 /* Base */ = {isa = PBXFileReference; lastKnownFileType = file.storyboard; name = Base; path = Base.lproj/LaunchScreen.storyboard; sourceTree = "<group>"; };
		652FBCD526C65BA600CF7AF7 /* Info.plist */ = {isa = PBXFileReference; lastKnownFileType = text.plist.xml; path = Info.plist; sourceTree = "<group>"; };
/* End PBXFileReference section */

/* Begin PBXFrameworksBuildPhase section */
		652FBCBE26C65BA500CF7AF7 /* Frameworks */ = {
			isa = PBXFrameworksBuildPhase;
			buildActionMask = 2147483647;
			files = (
			);
			runOnlyForDeploymentPostprocessing = 0;
		};
/* End PBXFrameworksBuildPhase section */

/* Begin PBXGroup section */
		652FBCB826C65BA500CF7AF7 = {
			isa = PBXGroup;
			children = (
				652FBCC326C65BA500CF7AF7 /* ResizingHeaderWhileScrolling */,
				652FBCC226C65BA500CF7AF7 /* Products */,
			);
			sourceTree = "<group>";
		};
		652FBCC226C65BA500CF7AF7 /* Products */ = {
			isa = PBXGroup;
			children = (
				652FBCC126C65BA500CF7AF7 /* ResizingHeaderWhileScrolling.app */,
			);
			name = Products;
			sourceTree = "<group>";
		};
		652FBCC326C65BA500CF7AF7 /* ResizingHeaderWhileScrolling */ = {
			isa = PBXGroup;
			children = (
				652FBCC426C65BA500CF7AF7 /* AppDelegate.swift */,
				652FBCC626C65BA500CF7AF7 /* SceneDelegate.swift */,
				652FBCC826C65BA500CF7AF7 /* ContentView.swift */,
				652FBCCD26C65BA600CF7AF7 /* Assets.xcassets */,
				652FBCD226C65BA600CF7AF7 /* LaunchScreen.storyboard */,
				652FBCD526C65BA600CF7AF7 /* Info.plist */,
				652FBCCA26C65BA500CF7AF7 /* ResizingHeaderWhileScrolling.xcdatamodeld */,
				652FBCCF26C65BA600CF7AF7 /* Preview Content */,
			);
			path = ResizingHeaderWhileScrolling;
			sourceTree = "<group>";
		};
		652FBCCF26C65BA600CF7AF7 /* Preview Content */ = {
			isa = PBXGroup;
			children = (
				652FBCD026C65BA600CF7AF7 /* Preview Assets.xcassets */,
			);
			path = "Preview Content";
			sourceTree = "<group>";
		};
/* End PBXGroup section */

/* Begin PBXNativeTarget section */
		652FBCC026C65BA500CF7AF7 /* ResizingHeaderWhileScrolling */ = {
			isa = PBXNativeTarget;
			buildConfigurationList = 652FBCD826C65BA600CF7AF7 /* Build configuration list for PBXNativeTarget "ResizingHeaderWhileScrolling" */;
			buildPhases = (
				652FBCBD26C65BA500CF7AF7 /* Sources */,
				652FBCBE26C65BA500CF7AF7 /* Frameworks */,
				652FBCBF26C65BA500CF7AF7 /* Resources */,
			);
			buildRules = (
			);
			dependencies = (
			);
			name = ResizingHeaderWhileScrolling;
			productName = ResizingHeaderWhileScrolling;
			productReference = 652FBCC126C65BA500CF7AF7 /* ResizingHeaderWhileScrolling.app */;
			productType = "com.apple.product-type.application";
		};
/* End PBXNativeTarget section */

/* Begin PBXProject section */
		652FBCB926C65BA500CF7AF7 /* Project object */ = {
			isa = PBXProject;
			attributes = {
				LastSwiftUpdateCheck = 1250;
				LastUpgradeCheck = 1250;
				TargetAttributes = {
					652FBCC026C65BA500CF7AF7 = {
						CreatedOnToolsVersion = 12.5.1;
					};
				};
			};
			buildConfigurationList = 652FBCBC26C65BA500CF7AF7 /* Build configuration list for PBXProject "ResizingHeaderWhileScrolling" */;
			compatibilityVersion = "Xcode 9.3";
			developmentRegion = en;
			hasScannedForEncodings = 0;
			knownRegions = (
				en,
				Base,
			);
			mainGroup = 652FBCB826C65BA500CF7AF7;
			productRefGroup = 652FBCC226C65BA500CF7AF7 /* Products */;
			projectDirPath = "";
			projectRoot = "";
			targets = (
				652FBCC026C65BA500CF7AF7 /* ResizingHeaderWhileScrolling */,
			);
		};
/* End PBXProject section */

/* Begin PBXResourcesBuildPhase section */
		652FBCBF26C65BA500CF7AF7 /* Resources */ = {
			isa = PBXResourcesBuildPhase;
			buildActionMask = 2147483647;
			files = (
				652FBCD426C65BA600CF7AF7 /* LaunchScreen.storyboard in Resources */,
				652FBCD126C65BA600CF7AF7 /* Preview Assets.xcassets in Resources */,
				652FBCCE26C65BA600CF7AF7 /* Assets.xcassets in Resources */,
			);
			runOnlyForDeploymentPostprocessing = 0;
		};
/* End PBXResourcesBuildPhase section */

/* Begin PBXSourcesBuildPhase section */
		652FBCBD26C65BA500CF7AF7 /* Sources */ = {
			isa = PBXSourcesBuildPhase;
			buildActionMask = 2147483647;
			files = (
				652FBCC526C65BA500CF7AF7 /* AppDelegate.swift in Sources */,
				652FBCC726C65BA500CF7AF7 /* SceneDelegate.swift in Sources */,
				652FBCC926C65BA500CF7AF7 /* ContentView.swift in Sources */,
				652FBCCC26C65BA500CF7AF7 /* ResizingHeaderWhileScrolling.xcdatamodeld in Sources */,
			);
			runOnlyForDeploymentPostprocessing = 0;
		};
/* End PBXSourcesBuildPhase section */

/* Begin PBXVariantGroup section */
		652FBCD226C65BA600CF7AF7 /* LaunchScreen.storyboard */ = {
			isa = PBXVariantGroup;
			children = (
				652FBCD326C65BA600CF7AF7 /* Base */,
			);
			name = LaunchScreen.storyboard;
			sourceTree = "<group>";
		};
/* End PBXVariantGroup section */

/* Begin XCBuildConfiguration section */
		652FBCD626C65BA600CF7AF7 /* Debug */ = {
			isa = XCBuildConfiguration;
			buildSettings = {
				ALWAYS_SEARCH_USER_PATHS = NO;
				CLANG_ANALYZER_NONNULL = YES;
				CLANG_ANALYZER_NUMBER_OBJECT_CONVERSION = YES_AGGRESSIVE;
				CLANG_CXX_LANGUAGE_STANDARD = "gnu++14";
				CLANG_CXX_LIBRARY = "libc++";
				CLANG_ENABLE_MODULES = YES;
				CLANG_ENABLE_OBJC_ARC = YES;
				CLANG_ENABLE_OBJC_WEAK = YES;
				CLANG_WARN_BLOCK_CAPTURE_AUTORELEASING = YES;
				CLANG_WARN_BOOL_CONVERSION = YES;
				CLANG_WARN_COMMA = YES;
				CLANG_WARN_CONSTANT_CONVERSION = YES;
				CLANG_WARN_DEPRECATED_OBJC_IMPLEMENTATIONS = YES;
				CLANG_WARN_DIRECT_OBJC_ISA_USAGE = YES_ERROR;
				CLANG_WARN_DOCUMENTATION_COMMENTS = YES;
				CLANG_WARN_EMPTY_BODY = YES;
				CLANG_WARN_ENUM_CONVERSION = YES;
				CLANG_WARN_INFINITE_RECURSION = YES;
				CLANG_WARN_INT_CONVERSION = YES;
				CLANG_WARN_NON_LITERAL_NULL_CONVERSION = YES;
				CLANG_WARN_OBJC_IMPLICIT_RETAIN_SELF = YES;
				CLANG_WARN_OBJC_LITERAL_CONVERSION = YES;
				CLANG_WARN_OBJC_ROOT_CLASS = YES_ERROR;
				CLANG_WARN_QUOTED_INCLUDE_IN_FRAMEWORK_HEADER = YES;
				CLANG_WARN_RANGE_LOOP_ANALYSIS = YES;
				CLANG_WARN_STRICT_PROTOTYPES = YES;
				CLANG_WARN_SUSPICIOUS_MOVE = YES;
				CLANG_WARN_UNGUARDED_AVAILABILITY = YES_AGGRESSIVE;
				CLANG_WARN_UNREACHABLE_CODE = YES;
				CLANG_WARN__DUPLICATE_METHOD_MATCH = YES;
				COPY_PHASE_STRIP = NO;
				DEBUG_INFORMATION_FORMAT = dwarf;
				ENABLE_STRICT_OBJC_MSGSEND = YES;
				ENABLE_TESTABILITY = YES;
				GCC_C_LANGUAGE_STANDARD = gnu11;
				GCC_DYNAMIC_NO_PIC = NO;
				GCC_NO_COMMON_BLOCKS = YES;
				GCC_OPTIMIZATION_LEVEL = 0;
				GCC_PREPROCESSOR_DEFINITIONS = (
					"DEBUG=1",
					"$(inherited)",
				);
				GCC_WARN_64_TO_32_BIT_CONVERSION = YES;
				GCC_WARN_ABOUT_RETURN_TYPE = YES_ERROR;
				GCC_WARN_UNDECLARED_SELECTOR = YES;
				GCC_WARN_UNINITIALIZED_AUTOS = YES_AGGRESSIVE;
				GCC_WARN_UNUSED_FUNCTION = YES;
				GCC_WARN_UNUSED_VARIABLE = YES;
				IPHONEOS_DEPLOYMENT_TARGET = 14.5;
				MTL_ENABLE_DEBUG_INFO = INCLUDE_SOURCE;
				MTL_FAST_MATH = YES;
				ONLY_ACTIVE_ARCH = YES;
				SDKROOT = iphoneos;
				SWIFT_ACTIVE_COMPILATION_CONDITIONS = DEBUG;
				SWIFT_OPTIMIZATION_LEVEL = "-Onone";
			};
			name = Debug;
		};
		652FBCD726C65BA600CF7AF7 /* Release */ = {
			isa = XCBuildConfiguration;
			buildSettings = {
				ALWAYS_SEARCH_USER_PATHS = NO;
				CLANG_ANALYZER_NONNULL = YES;
				CLANG_ANALYZER_NUMBER_OBJECT_CONVERSION = YES_AGGRESSIVE;
				CLANG_CXX_LANGUAGE_STANDARD = "gnu++14";
				CLANG_CXX_LIBRARY = "libc++";
				CLANG_ENABLE_MODULES = YES;
				CLANG_ENABLE_OBJC_ARC = YES;
				CLANG_ENABLE_OBJC_WEAK = YES;
				CLANG_WARN_BLOCK_CAPTURE_AUTORELEASING = YES;
				CLANG_WARN_BOOL_CONVERSION = YES;
				CLANG_WARN_COMMA = YES;
				CLANG_WARN_CONSTANT_CONVERSION = YES;
				CLANG_WARN_DEPRECATED_OBJC_IMPLEMENTATIONS = YES;
				CLANG_WARN_DIRECT_OBJC_ISA_USAGE = YES_ERROR;
				CLANG_WARN_DOCUMENTATION_COMMENTS = YES;
				CLANG_WARN_EMPTY_BODY = YES;
				CLANG_WARN_ENUM_CONVERSION = YES;
				CLANG_WARN_INFINITE_RECURSION = YES;
				CLANG_WARN_INT_CONVERSION = YES;
				CLANG_WARN_NON_LITERAL_NULL_CONVERSION = YES;
				CLANG_WARN_OBJC_IMPLICIT_RETAIN_SELF = YES;
				CLANG_WARN_OBJC_LITERAL_CONVERSION = YES;
				CLANG_WARN_OBJC_ROOT_CLASS = YES_ERROR;
				CLANG_WARN_QUOTED_INCLUDE_IN_FRAMEWORK_HEADER = YES;
				CLANG_WARN_RANGE_LOOP_ANALYSIS = YES;
				CLANG_WARN_STRICT_PROTOTYPES = YES;
				CLANG_WARN_SUSPICIOUS_MOVE = YES;
				CLANG_WARN_UNGUARDED_AVAILABILITY = YES_AGGRESSIVE;
				CLANG_WARN_UNREACHABLE_CODE = YES;
				CLANG_WARN__DUPLICATE_METHOD_MATCH = YES;
				COPY_PHASE_STRIP = NO;
				DEBUG_INFORMATION_FORMAT = "dwarf-with-dsym";
				ENABLE_NS_ASSERTIONS = NO;
				ENABLE_STRICT_OBJC_MSGSEND = YES;
				GCC_C_LANGUAGE_STANDARD = gnu11;
				GCC_NO_COMMON_BLOCKS = YES;
				GCC_WARN_64_TO_32_BIT_CONVERSION = YES;
				GCC_WARN_ABOUT_RETURN_TYPE = YES_ERROR;
				GCC_WARN_UNDECLARED_SELECTOR = YES;
				GCC_WARN_UNINITIALIZED_AUTOS = YES_AGGRESSIVE;
				GCC_WARN_UNUSED_FUNCTION = YES;
				GCC_WARN_UNUSED_VARIABLE = YES;
				IPHONEOS_DEPLOYMENT_TARGET = 14.5;
				MTL_ENABLE_DEBUG_INFO = NO;
				MTL_FAST_MATH = YES;
				SDKROOT = iphoneos;
				SWIFT_COMPILATION_MODE = wholemodule;
				SWIFT_OPTIMIZATION_LEVEL = "-O";
				VALIDATE_PRODUCT = YES;
			};
			name = Release;
		};
		652FBCD926C65BA600CF7AF7 /* Debug */ = {
			isa = XCBuildConfiguration;
			buildSettings = {
				ASSETCATALOG_COMPILER_APPICON_NAME = AppIcon;
				ASSETCATALOG_COMPILER_GLOBAL_ACCENT_COLOR_NAME = AccentColor;
				CODE_SIGN_STYLE = Automatic;
				DEVELOPMENT_ASSET_PATHS = "\"ResizingHeaderWhileScrolling/Preview Content\"";
				DEVELOPMENT_TEAM = B434W34DLF;
				ENABLE_PREVIEWS = YES;
				INFOPLIST_FILE = ResizingHeaderWhileScrolling/Info.plist;
				LD_RUNPATH_SEARCH_PATHS = (
					"$(inherited)",
					"@executable_path/Frameworks",
				);
				PRODUCT_BUNDLE_IDENTIFIER = "kr.ac.kpu.-.ResizingHeaderWhileScrolling";
				PRODUCT_NAME = "$(TARGET_NAME)";
				SWIFT_VERSION = 5.0;
				TARGETED_DEVICE_FAMILY = "1,2";
			};
			name = Debug;
		};
		652FBCDA26C65BA600CF7AF7 /* Release */ = {
			isa = XCBuildConfiguration;
			buildSettings = {
				ASSETCATALOG_COMPILER_APPICON_NAME = AppIcon;
				ASSETCATALOG_COMPILER_GLOBAL_ACCENT_COLOR_NAME = AccentColor;
				CODE_SIGN_STYLE = Automatic;
				DEVELOPMENT_ASSET_PATHS = "\"ResizingHeaderWhileScrolling/Preview Content\"";
				DEVELOPMENT_TEAM = B434W34DLF;
				ENABLE_PREVIEWS = YES;
				INFOPLIST_FILE = ResizingHeaderWhileScrolling/Info.plist;
				LD_RUNPATH_SEARCH_PATHS = (
					"$(inherited)",
					"@executable_path/Frameworks",
				);
				PRODUCT_BUNDLE_IDENTIFIER = "kr.ac.kpu.-.ResizingHeaderWhileScrolling";
				PRODUCT_NAME = "$(TARGET_NAME)";
				SWIFT_VERSION = 5.0;
				TARGETED_DEVICE_FAMILY = "1,2";
			};
			name = Release;
		};
/* End XCBuildConfiguration section */

/* Begin XCConfigurationList section */
		652FBCBC26C65BA500CF7AF7 /* Build configuration list for PBXProject "ResizingHeaderWhileScrolling" */ = {
			isa = XCConfigurationList;
			buildConfigurations = (
				652FBCD626C65BA600CF7AF7 /* Debug */,
				652FBCD726C65BA600CF7AF7 /* Release */,
			);
			defaultConfigurationIsVisible = 0;
			defaultConfigurationName = Release;
		};
		652FBCD826C65BA600CF7AF7 /* Build configuration list for PBXNativeTarget "ResizingHeaderWhileScrolling" */ = {
			isa = XCConfigurationList;
			buildConfigurations = (
				652FBCD926C65BA600CF7AF7 /* Debug */,
				652FBCDA26C65BA600CF7AF7 /* Release */,
			);
			defaultConfigurationIsVisible = 0;
			defaultConfigurationName = Release;
		};
/* End XCConfigurationList section */

/* Begin XCVersionGroup section */
		652FBCCA26C65BA500CF7AF7 /* ResizingHeaderWhileScrolling.xcdatamodeld */ = {
			isa = XCVersionGroup;
			children = (
				652FBCCB26C65BA500CF7AF7 /* ResizingHeaderWhileScrolling.xcdatamodel */,
			);
			currentVersion = 652FBCCB26C65BA500CF7AF7 /* ResizingHeaderWhileScrolling.xcdatamodel */;
			path = ResizingHeaderWhileScrolling.xcdatamodeld;
			sourceTree = "<group>";
			versionGroupType = wrapper.xcdatamodel;
		};
/* End XCVersionGroup section */
	};
	rootObject = 652FBCB926C65BA500CF7AF7 /* Project object */;
}
